
Microsoft Visual Studio Solution File, Format Version 12.00
# Visual Studio 15
VisualStudioVersion = 15.0.27703.2000
MinimumVisualStudioVersion = 10.0.40219.1
Project("{FAE04EC0-301F-11D3-BF4B-00C04F79EFBC}") = "FileWatcher", "FileWatcher\FileWatcher.csproj", "{EAC88D97-BF76-47A3-976A-35449823F394}"
EndProject
Global
	GlobalSection(SolutionConfigurationPlatforms) = preSolution
		Debug|Any CPU = Debug|Any CPU
		Release|Any CPU = Release|Any CPU
	EndGlobalSection
	GlobalSection(ProjectConfigurationPlatforms) = postSolution
		{EAC88D97-BF76-47A3-976A-35449823F394}.Debug|Any CPU.ActiveCfg = Debug|Any CPU
		{EAC88D97-BF76-47A3-976A-35449823F394}.Debug|Any CPU.Build.0 = Debug|Any CPU
		{EAC88D97-BF76-47A3-976A-35449823F394}.Release|Any CPU.ActiveCfg = Release|Any CPU
		{EAC88D97-BF76-47A3-976A-35449823F394}.Release|Any CPU.Build.0 = Release|Any CPU
	EndGlobalSection
	GlobalSection(SolutionProperties) = preSolution
		HideSolutionNode = FALSE
	EndGlobalSection
	GlobalSection(ExtensibilityGlobals) = postSolution
		SolutionGuid = {6CBED267-EBAC-441B-B2EA-66C735594EA4}
	EndGlobalSection
EndGlobal
